
Microsoft Visual Studio Solution File, Format Version 11.00
# Visual Studio 2010
Project("{F2A71F9B-5D33-465A-A702-920D77279786}") = "SpreadSharp", "SpreadSharp\SpreadSharp.fsproj", "{92D70C7A-87B6-49D1-BBE9-4E30F12B26FD}"
EndProject
Global
	GlobalSection(SolutionConfigurationPlatforms) = preSolution
		Debug|Any CPU = Debug|Any CPU
		Release|Any CPU = Release|Any CPU
	EndGlobalSection
	GlobalSection(ProjectConfigurationPlatforms) = postSolution
		{92D70C7A-87B6-49D1-BBE9-4E30F12B26FD}.Debug|Any CPU.ActiveCfg = Debug|Any CPU
		{92D70C7A-87B6-49D1-BBE9-4E30F12B26FD}.Debug|Any CPU.Build.0 = Debug|Any CPU
		{92D70C7A-87B6-49D1-BBE9-4E30F12B26FD}.Release|Any CPU.ActiveCfg = Release|Any CPU
		{92D70C7A-87B6-49D1-BBE9-4E30F12B26FD}.Release|Any CPU.Build.0 = Release|Any CPU
	EndGlobalSection
	GlobalSection(SolutionProperties) = preSolution
		HideSolutionNode = FALSE
	EndGlobalSection
EndGlobal
